
Microsoft Visual Studio Solution File, Format Version 12.00
# Visual Studio Version 17
VisualStudioVersion = 17.11.35222.181
MinimumVisualStudioVersion = 10.0.40219.1
Project("{9A19103F-16F7-4668-BE54-9A1E7A4F7556}") = "StateSpacePathfinding", "StateSpacePathfinding\StateSpacePathfinding.csproj", "{BD3C4FE3-EE05-478D-8F16-069F1EB5EBD4}"
EndProject
Project("{FAE04EC0-301F-11D3-BF4B-00C04F79EFBC}") = "ConsoleInterface", "ConsoleInterface\ConsoleInterface.csproj", "{2B369FE5-180C-4F6C-B93F-3CB0F6B53089}"
EndProject
Global
	GlobalSection(SolutionConfigurationPlatforms) = preSolution
		Debug|Any CPU = Debug|Any CPU
		Release|Any CPU = Release|Any CPU
	EndGlobalSection
	GlobalSection(ProjectConfigurationPlatforms) = postSolution
		{BD3C4FE3-EE05-478D-8F16-069F1EB5EBD4}.Debug|Any CPU.ActiveCfg = Debug|Any CPU
		{BD3C4FE3-EE05-478D-8F16-069F1EB5EBD4}.Debug|Any CPU.Build.0 = Debug|Any CPU
		{BD3C4FE3-EE05-478D-8F16-069F1EB5EBD4}.Release|Any CPU.ActiveCfg = Release|Any CPU
		{BD3C4FE3-EE05-478D-8F16-069F1EB5EBD4}.Release|Any CPU.Build.0 = Release|Any CPU
		{2B369FE5-180C-4F6C-B93F-3CB0F6B53089}.Debug|Any CPU.ActiveCfg = Debug|Any CPU
		{2B369FE5-180C-4F6C-B93F-3CB0F6B53089}.Debug|Any CPU.Build.0 = Debug|Any CPU
		{2B369FE5-180C-4F6C-B93F-3CB0F6B53089}.Release|Any CPU.ActiveCfg = Release|Any CPU
		{2B369FE5-180C-4F6C-B93F-3CB0F6B53089}.Release|Any CPU.Build.0 = Release|Any CPU
	EndGlobalSection
	GlobalSection(SolutionProperties) = preSolution
		HideSolutionNode = FALSE
	EndGlobalSection
	GlobalSection(ExtensibilityGlobals) = postSolution
		SolutionGuid = {FCB4BF60-BD05-49CB-AAAE-A57B09806750}
	EndGlobalSection
EndGlobal
